
Microsoft Visual Studio Solution File, Format Version 12.00
# Visual Studio Version 17
VisualStudioVersion = 17.4.33205.214
MinimumVisualStudioVersion = 10.0.40219.1
Project("{9A19103F-16F7-4668-BE54-9A1E7A4F7556}") = "HomeWork", "HomeWork\HomeWork.csproj", "{D383C4EB-3260-4E88-85EB-BADE36E6DC08}"
EndProject
Project("{9A19103F-16F7-4668-BE54-9A1E7A4F7556}") = "Lesson2", "Lesson2\Lesson2.csproj", "{4BC4935A-C600-44DA-B39B-8A1BD1D6A276}"
EndProject
Project("{9A19103F-16F7-4668-BE54-9A1E7A4F7556}") = "Lesson3", "Lesson3\Lesson3.csproj", "{EB6C20AB-B951-4041-BE71-9F4FBC1068DE}"
EndProject
Project("{9A19103F-16F7-4668-BE54-9A1E7A4F7556}") = "Lesson6", "Lesson6\Lesson6.csproj", "{C5E67640-E3D3-425E-99A3-A85A33B1E8FE}"
EndProject
Project("{9A19103F-16F7-4668-BE54-9A1E7A4F7556}") = "Name_Surname", "Name_Surname\Name_Surname.csproj", "{662BD78D-DC77-409E-B097-937DBCFD8DCD}"
EndProject
Project("{9A19103F-16F7-4668-BE54-9A1E7A4F7556}") = "RESTAURANT", "RESTAURANT\RESTAURANT.csproj", "{9859234D-EC7D-40F6-A2A2-94BBC1BB90A1}"
EndProject
Project("{9A19103F-16F7-4668-BE54-9A1E7A4F7556}") = "AbstractionAndInterfaces", "AbstractionAndInterfaces\AbstractionAndInterfaces.csproj", "{F8FAD7AF-DEEC-4138-B735-A12062C09811}"
EndProject
Project("{9A19103F-16F7-4668-BE54-9A1E7A4F7556}") = "TextFileWorker_Json", "TextFileWorker_Json\TextFileWorker_Json.csproj", "{C2CC1F7F-E481-42FE-AF39-FDB46582FCED}"
EndProject
Project("{FAE04EC0-301F-11D3-BF4B-00C04F79EFBC}") = "FilmBoom", "FilmBoom\FilmBoom.csproj", "{D0B2CFE8-0102-41C3-8028-BD3A686D8565}"
EndProject
Global
	GlobalSection(SolutionConfigurationPlatforms) = preSolution
		Debug|Any CPU = Debug|Any CPU
		Release|Any CPU = Release|Any CPU
	EndGlobalSection
	GlobalSection(ProjectConfigurationPlatforms) = postSolution
		{D383C4EB-3260-4E88-85EB-BADE36E6DC08}.Debug|Any CPU.ActiveCfg = Debug|Any CPU
		{D383C4EB-3260-4E88-85EB-BADE36E6DC08}.Debug|Any CPU.Build.0 = Debug|Any CPU
		{D383C4EB-3260-4E88-85EB-BADE36E6DC08}.Release|Any CPU.ActiveCfg = Release|Any CPU
		{D383C4EB-3260-4E88-85EB-BADE36E6DC08}.Release|Any CPU.Build.0 = Release|Any CPU
		{4BC4935A-C600-44DA-B39B-8A1BD1D6A276}.Debug|Any CPU.ActiveCfg = Debug|Any CPU
		{4BC4935A-C600-44DA-B39B-8A1BD1D6A276}.Debug|Any CPU.Build.0 = Debug|Any CPU
		{4BC4935A-C600-44DA-B39B-8A1BD1D6A276}.Release|Any CPU.ActiveCfg = Release|Any CPU
		{4BC4935A-C600-44DA-B39B-8A1BD1D6A276}.Release|Any CPU.Build.0 = Release|Any CPU
		{EB6C20AB-B951-4041-BE71-9F4FBC1068DE}.Debug|Any CPU.ActiveCfg = Debug|Any CPU
		{EB6C20AB-B951-4041-BE71-9F4FBC1068DE}.Debug|Any CPU.Build.0 = Debug|Any CPU
		{EB6C20AB-B951-4041-BE71-9F4FBC1068DE}.Release|Any CPU.ActiveCfg = Release|Any CPU
		{EB6C20AB-B951-4041-BE71-9F4FBC1068DE}.Release|Any CPU.Build.0 = Release|Any CPU
		{C5E67640-E3D3-425E-99A3-A85A33B1E8FE}.Debug|Any CPU.ActiveCfg = Debug|Any CPU
		{C5E67640-E3D3-425E-99A3-A85A33B1E8FE}.Debug|Any CPU.Build.0 = Debug|Any CPU
		{C5E67640-E3D3-425E-99A3-A85A33B1E8FE}.Release|Any CPU.ActiveCfg = Release|Any CPU
		{C5E67640-E3D3-425E-99A3-A85A33B1E8FE}.Release|Any CPU.Build.0 = Release|Any CPU
		{662BD78D-DC77-409E-B097-937DBCFD8DCD}.Debug|Any CPU.ActiveCfg = Debug|Any CPU
		{662BD78D-DC77-409E-B097-937DBCFD8DCD}.Debug|Any CPU.Build.0 = Debug|Any CPU
		{662BD78D-DC77-409E-B097-937DBCFD8DCD}.Release|Any CPU.ActiveCfg = Release|Any CPU
		{662BD78D-DC77-409E-B097-937DBCFD8DCD}.Release|Any CPU.Build.0 = Release|Any CPU
		{9859234D-EC7D-40F6-A2A2-94BBC1BB90A1}.Debug|Any CPU.ActiveCfg = Debug|Any CPU
		{9859234D-EC7D-40F6-A2A2-94BBC1BB90A1}.Debug|Any CPU.Build.0 = Debug|Any CPU
		{9859234D-EC7D-40F6-A2A2-94BBC1BB90A1}.Release|Any CPU.ActiveCfg = Release|Any CPU
		{9859234D-EC7D-40F6-A2A2-94BBC1BB90A1}.Release|Any CPU.Build.0 = Release|Any CPU
		{F8FAD7AF-DEEC-4138-B735-A12062C09811}.Debug|Any CPU.ActiveCfg = Debug|Any CPU
		{F8FAD7AF-DEEC-4138-B735-A12062C09811}.Debug|Any CPU.Build.0 = Debug|Any CPU
		{F8FAD7AF-DEEC-4138-B735-A12062C09811}.Release|Any CPU.ActiveCfg = Release|Any CPU
		{F8FAD7AF-DEEC-4138-B735-A12062C09811}.Release|Any CPU.Build.0 = Release|Any CPU
		{C2CC1F7F-E481-42FE-AF39-FDB46582FCED}.Debug|Any CPU.ActiveCfg = Debug|Any CPU
		{C2CC1F7F-E481-42FE-AF39-FDB46582FCED}.Debug|Any CPU.Build.0 = Debug|Any CPU
		{C2CC1F7F-E481-42FE-AF39-FDB46582FCED}.Release|Any CPU.ActiveCfg = Release|Any CPU
		{C2CC1F7F-E481-42FE-AF39-FDB46582FCED}.Release|Any CPU.Build.0 = Release|Any CPU
		{D0B2CFE8-0102-41C3-8028-BD3A686D8565}.Debug|Any CPU.ActiveCfg = Debug|Any CPU
		{D0B2CFE8-0102-41C3-8028-BD3A686D8565}.Debug|Any CPU.Build.0 = Debug|Any CPU
		{D0B2CFE8-0102-41C3-8028-BD3A686D8565}.Release|Any CPU.ActiveCfg = Release|Any CPU
		{D0B2CFE8-0102-41C3-8028-BD3A686D8565}.Release|Any CPU.Build.0 = Release|Any CPU
	EndGlobalSection
	GlobalSection(SolutionProperties) = preSolution
		HideSolutionNode = FALSE
	EndGlobalSection
	GlobalSection(ExtensibilityGlobals) = postSolution
		SolutionGuid = {83321232-F08C-4DE5-B39B-DA02765D1FA1}
	EndGlobalSection
EndGlobal
